Microsoft Visual Studio Solution File, Format Version 12.00
# Visual Studio 15
VisualStudioVersion = 15.0.26730.16
MinimumVisualStudioVersion = 10.0.40219.1
Project("{FAE04EC0-301F-11D3-BF4B-00C04F79EFBC}") = "ConfigureAwaitChecker.Console", "ConfigureAwaitChecker.Console\ConfigureAwaitChecker.Console.csproj", "{1910A8D9-94ED-4B90-B3B4-525D1F12438E}"
EndProject
Project("{FAE04EC0-301F-11D3-BF4B-00C04F79EFBC}") = "ConfigureAwaitChecker.Tests", "ConfigureAwaitChecker.Tests\ConfigureAwaitChecker.Tests.csproj", "{7C1F0B11-8E95-4FA8-9A56-C38443574EBE}"
EndProject
Project("{FAE04EC0-301F-11D3-BF4B-00C04F79EFBC}") = "ConfigureAwaitChecker.Analyzer", "ConfigureAwaitChecker.Analyzer\ConfigureAwaitChecker.Analyzer.csproj", "{2294167D-0011-4260-A815-E5CB1E8FAA7A}"
EndProject
Global
	GlobalSection(SolutionConfigurationPlatforms) = preSolution
		Debug|Any CPU = Debug|Any CPU
		Release|Any CPU = Release|Any CPU
	EndGlobalSection
	GlobalSection(ProjectConfigurationPlatforms) = postSolution
		{1910A8D9-94ED-4B90-B3B4-525D1F12438E}.Debug|Any CPU.ActiveCfg = Debug|Any CPU
		{1910A8D9-94ED-4B90-B3B4-525D1F12438E}.Debug|Any CPU.Build.0 = Debug|Any CPU
		{1910A8D9-94ED-4B90-B3B4-525D1F12438E}.Release|Any CPU.ActiveCfg = Release|Any CPU
		{1910A8D9-94ED-4B90-B3B4-525D1F12438E}.Release|Any CPU.Build.0 = Release|Any CPU
		{7C1F0B11-8E95-4FA8-9A56-C38443574EBE}.Debug|Any CPU.ActiveCfg = Debug|Any CPU
		{7C1F0B11-8E95-4FA8-9A56-C38443574EBE}.Debug|Any CPU.Build.0 = Debug|Any CPU
		{7C1F0B11-8E95-4FA8-9A56-C38443574EBE}.Release|Any CPU.ActiveCfg = Release|Any CPU
		{7C1F0B11-8E95-4FA8-9A56-C38443574EBE}.Release|Any CPU.Build.0 = Release|Any CPU
		{2294167D-0011-4260-A815-E5CB1E8FAA7A}.Debug|Any CPU.ActiveCfg = Debug|Any CPU
		{2294167D-0011-4260-A815-E5CB1E8FAA7A}.Debug|Any CPU.Build.0 = Debug|Any CPU
		{2294167D-0011-4260-A815-E5CB1E8FAA7A}.Release|Any CPU.ActiveCfg = Release|Any CPU
		{2294167D-0011-4260-A815-E5CB1E8FAA7A}.Release|Any CPU.Build.0 = Release|Any CPU
	EndGlobalSection
	GlobalSection(SolutionProperties) = preSolution
		HideSolutionNode = FALSE
	EndGlobalSection
	GlobalSection(ExtensibilityGlobals) = postSolution
		SolutionGuid = {6B8E2A92-58FC-4152-ADC5-7499AE5F7072}
	EndGlobalSection
EndGlobal
