
Microsoft Visual Studio Solution File, Format Version 12.00
# Visual Studio 15
VisualStudioVersion = 15.0.27703.2026
MinimumVisualStudioVersion = 10.0.40219.1
Project("{9A19103F-16F7-4668-BE54-9A1E7A4F7556}") = "ConfigureAwaitChecker.Analyzer", "ConfigureAwaitChecker.Analyzer\ConfigureAwaitChecker.Analyzer.csproj", "{7C931E50-A744-41B6-BBDC-E81D4691D51B}"
EndProject
Project("{9A19103F-16F7-4668-BE54-9A1E7A4F7556}") = "ConfigureAwaitChecker.Tests", "ConfigureAwaitChecker.Tests\ConfigureAwaitChecker.Tests.csproj", "{0CF332D0-28A4-4723-B0A6-67AFF0D1B179}"
EndProject
Project("{9A19103F-16F7-4668-BE54-9A1E7A4F7556}") = "ConfigureAwaitChecker.Lib", "ConfigureAwaitChecker.Lib\ConfigureAwaitChecker.Lib.csproj", "{2C04A066-7928-4A5B-A6C3-5FA855D6B515}"
EndProject
Project("{2150E333-8FDC-42A3-9474-1A3956D46DE8}") = "Solution Items", "Solution Items", "{7AA16325-0A47-4E5F-BDEB-5B798A5A584E}"
	ProjectSection(SolutionItems) = preProject
		Directory.Build.props = Directory.Build.props
	EndProjectSection
EndProject
Global
	GlobalSection(SolutionConfigurationPlatforms) = preSolution
		Debug|Any CPU = Debug|Any CPU
		Release|Any CPU = Release|Any CPU
	EndGlobalSection
	GlobalSection(ProjectConfigurationPlatforms) = postSolution
		{7C931E50-A744-41B6-BBDC-E81D4691D51B}.Debug|Any CPU.ActiveCfg = Debug|Any CPU
		{7C931E50-A744-41B6-BBDC-E81D4691D51B}.Debug|Any CPU.Build.0 = Debug|Any CPU
		{7C931E50-A744-41B6-BBDC-E81D4691D51B}.Release|Any CPU.ActiveCfg = Release|Any CPU
		{7C931E50-A744-41B6-BBDC-E81D4691D51B}.Release|Any CPU.Build.0 = Release|Any CPU
		{0CF332D0-28A4-4723-B0A6-67AFF0D1B179}.Debug|Any CPU.ActiveCfg = Debug|Any CPU
		{0CF332D0-28A4-4723-B0A6-67AFF0D1B179}.Debug|Any CPU.Build.0 = Debug|Any CPU
		{0CF332D0-28A4-4723-B0A6-67AFF0D1B179}.Release|Any CPU.ActiveCfg = Release|Any CPU
		{0CF332D0-28A4-4723-B0A6-67AFF0D1B179}.Release|Any CPU.Build.0 = Release|Any CPU
		{2C04A066-7928-4A5B-A6C3-5FA855D6B515}.Debug|Any CPU.ActiveCfg = Debug|Any CPU
		{2C04A066-7928-4A5B-A6C3-5FA855D6B515}.Debug|Any CPU.Build.0 = Debug|Any CPU
		{2C04A066-7928-4A5B-A6C3-5FA855D6B515}.Release|Any CPU.ActiveCfg = Release|Any CPU
		{2C04A066-7928-4A5B-A6C3-5FA855D6B515}.Release|Any CPU.Build.0 = Release|Any CPU
	EndGlobalSection
	GlobalSection(SolutionProperties) = preSolution
		HideSolutionNode = FALSE
	EndGlobalSection
	GlobalSection(ExtensibilityGlobals) = postSolution
		SolutionGuid = {320BB7FC-7C32-4FC0-A233-AE1DA2517581}
	EndGlobalSection
EndGlobal
